
Microsoft Visual Studio Solution File, Format Version 12.00
# Visual Studio Version 17
VisualStudioVersion = 17.5.33424.131
MinimumVisualStudioVersion = 10.0.40219.1
Project("{8BC9CEB8-8B4A-11D0-8D11-00A0C91BC942}") = "kinpo", "kinpo\kinpo.vcxproj", "{EE0A2483-ADCF-416B-8EF2-A3935DC4E50D}"
EndProject
Project("{8BC9CEB8-8B4A-11D0-8D11-00A0C91BC942}") = "romanToIntTests", "romanToIntTests\romanToIntTests.vcxproj", "{AF92E0D5-F8F2-4F2E-B001-2AC2F2E528D8}"
EndProject
Project("{8BC9CEB8-8B4A-11D0-8D11-00A0C91BC942}") = "intToRomanTests", "intToRomanTests\intToRomanTests.vcxproj", "{111916F7-8C9C-460B-9B7D-F931C287BAAA}"
EndProject
Global
	GlobalSection(SolutionConfigurationPlatforms) = preSolution
		Debug|x64 = Debug|x64
		Debug|x86 = Debug|x86
		Release|x64 = Release|x64
		Release|x86 = Release|x86
	EndGlobalSection
	GlobalSection(ProjectConfigurationPlatforms) = postSolution
		{EE0A2483-ADCF-416B-8EF2-A3935DC4E50D}.Debug|x64.ActiveCfg = Debug|x64
		{EE0A2483-ADCF-416B-8EF2-A3935DC4E50D}.Debug|x64.Build.0 = Debug|x64
		{EE0A2483-ADCF-416B-8EF2-A3935DC4E50D}.Debug|x86.ActiveCfg = Debug|Win32
		{EE0A2483-ADCF-416B-8EF2-A3935DC4E50D}.Debug|x86.Build.0 = Debug|Win32
		{EE0A2483-ADCF-416B-8EF2-A3935DC4E50D}.Release|x64.ActiveCfg = Release|x64
		{EE0A2483-ADCF-416B-8EF2-A3935DC4E50D}.Release|x64.Build.0 = Release|x64
		{EE0A2483-ADCF-416B-8EF2-A3935DC4E50D}.Release|x86.ActiveCfg = Release|Win32
		{EE0A2483-ADCF-416B-8EF2-A3935DC4E50D}.Release|x86.Build.0 = Release|Win32
		{AF92E0D5-F8F2-4F2E-B001-2AC2F2E528D8}.Debug|x64.ActiveCfg = Debug|x64
		{AF92E0D5-F8F2-4F2E-B001-2AC2F2E528D8}.Debug|x64.Build.0 = Debug|x64
		{AF92E0D5-F8F2-4F2E-B001-2AC2F2E528D8}.Debug|x86.ActiveCfg = Debug|Win32
		{AF92E0D5-F8F2-4F2E-B001-2AC2F2E528D8}.Debug|x86.Build.0 = Debug|Win32
		{AF92E0D5-F8F2-4F2E-B001-2AC2F2E528D8}.Release|x64.ActiveCfg = Release|x64
		{AF92E0D5-F8F2-4F2E-B001-2AC2F2E528D8}.Release|x64.Build.0 = Release|x64
		{AF92E0D5-F8F2-4F2E-B001-2AC2F2E528D8}.Release|x86.ActiveCfg = Release|Win32
		{AF92E0D5-F8F2-4F2E-B001-2AC2F2E528D8}.Release|x86.Build.0 = Release|Win32
		{111916F7-8C9C-460B-9B7D-F931C287BAAA}.Debug|x64.ActiveCfg = Debug|x64
		{111916F7-8C9C-460B-9B7D-F931C287BAAA}.Debug|x64.Build.0 = Debug|x64
		{111916F7-8C9C-460B-9B7D-F931C287BAAA}.Debug|x86.ActiveCfg = Debug|Win32
		{111916F7-8C9C-460B-9B7D-F931C287BAAA}.Debug|x86.Build.0 = Debug|Win32
		{111916F7-8C9C-460B-9B7D-F931C287BAAA}.Release|x64.ActiveCfg = Release|x64
		{111916F7-8C9C-460B-9B7D-F931C287BAAA}.Release|x64.Build.0 = Release|x64
		{111916F7-8C9C-460B-9B7D-F931C287BAAA}.Release|x86.ActiveCfg = Release|Win32
		{111916F7-8C9C-460B-9B7D-F931C287BAAA}.Release|x86.Build.0 = Release|Win32
	EndGlobalSection
	GlobalSection(SolutionProperties) = preSolution
		HideSolutionNode = FALSE
	EndGlobalSection
	GlobalSection(ExtensibilityGlobals) = postSolution
		SolutionGuid = {124B355A-FA6E-4464-A336-BAF2B9CBA293}
	EndGlobalSection
EndGlobal
